
Microsoft Visual Studio Solution File, Format Version 12.00
# Visual Studio Version 17
VisualStudioVersion = 17.7.34221.43
MinimumVisualStudioVersion = 10.0.40219.1
Project("{9A19103F-16F7-4668-BE54-9A1E7A4F7556}") = "Walkie", "Walkie.csproj", "{C2A44AAC-D2C5-4C07-A97A-28ED89B19F59}"
EndProject
Global
	GlobalSection(SolutionConfigurationPlatforms) = preSolution
		Debug|Any CPU = Debug|Any CPU
		Release|Any CPU = Release|Any CPU
	EndGlobalSection
	GlobalSection(ProjectConfigurationPlatforms) = postSolution
		{C2A44AAC-D2C5-4C07-A97A-28ED89B19F59}.Debug|Any CPU.ActiveCfg = Debug|Any CPU
		{C2A44AAC-D2C5-4C07-A97A-28ED89B19F59}.Debug|Any CPU.Build.0 = Debug|Any CPU
		{C2A44AAC-D2C5-4C07-A97A-28ED89B19F59}.Release|Any CPU.ActiveCfg = Release|Any CPU
		{C2A44AAC-D2C5-4C07-A97A-28ED89B19F59}.Release|Any CPU.Build.0 = Release|Any CPU
	EndGlobalSection
	GlobalSection(SolutionProperties) = preSolution
		HideSolutionNode = FALSE
	EndGlobalSection
	GlobalSection(ExtensibilityGlobals) = postSolution
		SolutionGuid = {09FA0F67-C5A8-4656-9497-2BEC2BBD0266}
	EndGlobalSection
EndGlobal
